// !$*UTF8*$!
{
	archiveVersion = 1;
	classes = {
	};
	objectVersion = 48;
	objects = {

/* Begin PBXBuildFile section */
		E70A250221638F0D009DED65 /* AppDelegate.swift in Sources */ = {isa = PBXBuildFile; fileRef = E70A250121638F0D009DED65 /* AppDelegate.swift */; };
		E70A250721638F0D009DED65 /* Main.storyboard in Resources */ = {isa = PBXBuildFile; fileRef = E70A250521638F0D009DED65 /* Main.storyboard */; };
		E70A250921638F0D009DED65 /* Assets.xcassets in Resources */ = {isa = PBXBuildFile; fileRef = E70A250821638F0D009DED65 /* Assets.xcassets */; };
		E70A250C21638F0D009DED65 /* LaunchScreen.storyboard in Resources */ = {isa = PBXBuildFile; fileRef = E70A250A21638F0D009DED65 /* LaunchScreen.storyboard */; };
		E7325D732163E8140032197C /* ViewController.swift in Sources */ = {isa = PBXBuildFile; fileRef = E7325D722163E8140032197C /* ViewController.swift */; };
		E7381AEA21642B2A0057D2E3 /* FirstViewController.swift in Sources */ = {isa = PBXBuildFile; fileRef = E7381AE921642B2A0057D2E3 /* FirstViewController.swift */; };
		E7381AEC216448E80057D2E3 /* CacheImage.swift in Sources */ = {isa = PBXBuildFile; fileRef = E7381AEB216448E80057D2E3 /* CacheImage.swift */; };
/* End PBXBuildFile section */

/* Begin PBXFileReference section */
		E70A24FE21638F0D009DED65 /* NSCache.app */ = {isa = PBXFileReference; explicitFileType = wrapper.application; includeInIndex = 0; path = NSCache.app; sourceTree = BUILT_PRODUCTS_DIR; };
		E70A250121638F0D009DED65 /* AppDelegate.swift */ = {isa = PBXFileReference; lastKnownFileType = sourcecode.swift; path = AppDelegate.swift; sourceTree = "<group>"; };
		E70A250621638F0D009DED65 /* Base */ = {isa = PBXFileReference; lastKnownFileType = file.storyboard; name = Base; path = Base.lproj/Main.storyboard; sourceTree = "<group>"; };
		E70A250821638F0D009DED65 /* Assets.xcassets */ = {isa = PBXFileReference; lastKnownFileType = folder.assetcatalog; path = Assets.xcassets; sourceTree = "<group>"; };
		E70A250B21638F0D009DED65 /* Base */ = {isa = PBXFileReference; lastKnownFileType = file.storyboard; name = Base; path = Base.lproj/LaunchScreen.storyboard; sourceTree = "<group>"; };
		E70A250D21638F0D009DED65 /* Info.plist */ = {isa = PBXFileReference; lastKnownFileType = text.plist.xml; path = Info.plist; sourceTree = "<group>"; };
		E7325D722163E8140032197C /* ViewController.swift */ = {isa = PBXFileReference; lastKnownFileType = sourcecode.swift; path = ViewController.swift; sourceTree = "<group>"; };
		E7381AE921642B2A0057D2E3 /* FirstViewController.swift */ = {isa = PBXFileReference; lastKnownFileType = sourcecode.swift; path = FirstViewController.swift; sourceTree = "<group>"; };
		E7381AEB216448E80057D2E3 /* CacheImage.swift */ = {isa = PBXFileReference; lastKnownFileType = sourcecode.swift; path = CacheImage.swift; sourceTree = "<group>"; };
/* End PBXFileReference section */

/* Begin PBXFrameworksBuildPhase section */
		E70A24FB21638F0D009DED65 /* Frameworks */ = {
			isa = PBXFrameworksBuildPhase;
			buildActionMask = 2147483647;
			files = (
			);
			runOnlyForDeploymentPostprocessing = 0;
		};
/* End PBXFrameworksBuildPhase section */

/* Begin PBXGroup section */
		E70A24F521638F0D009DED65 = {
			isa = PBXGroup;
			children = (
				E70A250021638F0D009DED65 /* NSCache */,
				E70A24FF21638F0D009DED65 /* Products */,
			);
			sourceTree = "<group>";
		};
		E70A24FF21638F0D009DED65 /* Products */ = {
			isa = PBXGroup;
			children = (
				E70A24FE21638F0D009DED65 /* NSCache.app */,
			);
			name = Products;
			sourceTree = "<group>";
		};
		E70A250021638F0D009DED65 /* NSCache */ = {
			isa = PBXGroup;
			children = (
				E70A250121638F0D009DED65 /* AppDelegate.swift */,
				E70A250521638F0D009DED65 /* Main.storyboard */,
				E70A250821638F0D009DED65 /* Assets.xcassets */,
				E70A250A21638F0D009DED65 /* LaunchScreen.storyboard */,
				E70A250D21638F0D009DED65 /* Info.plist */,
				E7325D722163E8140032197C /* ViewController.swift */,
				E7381AE921642B2A0057D2E3 /* FirstViewController.swift */,
				E7381AEB216448E80057D2E3 /* CacheImage.swift */,
			);
			path = NSCache;
			sourceTree = "<group>";
		};
/* End PBXGroup section */

/* Begin PBXNativeTarget section */
		E70A24FD21638F0D009DED65 /* NSCache */ = {
			isa = PBXNativeTarget;
			buildConfigurationList = E70A251021638F0D009DED65 /* Build configuration list for PBXNativeTarget "NSCache" */;
			buildPhases = (
				E70A24FA21638F0D009DED65 /* Sources */,
				E70A24FB21638F0D009DED65 /* Frameworks */,
				E70A24FC21638F0D009DED65 /* Resources */,
			);
			buildRules = (
			);
			dependencies = (
			);
			name = NSCache;
			productName = NSCache;
			productReference = E70A24FE21638F0D009DED65 /* NSCache.app */;
			productType = "com.apple.product-type.application";
		};
/* End PBXNativeTarget section */

/* Begin PBXProject section */
		E70A24F621638F0D009DED65 /* Project object */ = {
			isa = PBXProject;
			attributes = {
				LastSwiftUpdateCheck = 0920;
				LastUpgradeCheck = 0920;
				ORGANIZATIONNAME = NguyenHoangSon;
				TargetAttributes = {
					E70A24FD21638F0D009DED65 = {
						CreatedOnToolsVersion = 9.2;
						ProvisioningStyle = Automatic;
					};
				};
			};
			buildConfigurationList = E70A24F921638F0D009DED65 /* Build configuration list for PBXProject "NSCache" */;
			compatibilityVersion = "Xcode 8.0";
			developmentRegion = en;
			hasScannedForEncodings = 0;
			knownRegions = (
				en,
				Base,
			);
			mainGroup = E70A24F521638F0D009DED65;
			productRefGroup = E70A24FF21638F0D009DED65 /* Products */;
			projectDirPath = "";
			projectRoot = "";
			targets = (
				E70A24FD21638F0D009DED65 /* NSCache */,
			);
		};
/* End PBXProject section */

/* Begin PBXResourcesBuildPhase section */
		E70A24FC21638F0D009DED65 /* Resources */ = {
			isa = PBXResourcesBuildPhase;
			buildActionMask = 2147483647;
			files = (
				E70A250C21638F0D009DED65 /* LaunchScreen.storyboard in Resources */,
				E70A250921638F0D009DED65 /* Assets.xcassets in Resources */,
				E70A250721638F0D009DED65 /* Main.storyboard in Resources */,
			);
			runOnlyForDeploymentPostprocessing = 0;
		};
/* End PBXResourcesBuildPhase section */

/* Begin PBXSourcesBuildPhase section */
		E70A24FA21638F0D009DED65 /* Sources */ = {
			isa = PBXSourcesBuildPhase;
			buildActionMask = 2147483647;
			files = (
				E7381AEA21642B2A0057D2E3 /* FirstViewController.swift in Sources */,
				E7325D732163E8140032197C /* ViewController.swift in Sources */,
				E7381AEC216448E80057D2E3 /* CacheImage.swift in Sources */,
				E70A250221638F0D009DED65 /* AppDelegate.swift in Sources */,
			);
			runOnlyForDeploymentPostprocessing = 0;
		};
/* End PBXSourcesBuildPhase section */

/* Begin PBXVariantGroup section */
		E70A250521638F0D009DED65 /* Main.storyboard */ = {
			isa = PBXVariantGroup;
			children = (
				E70A250621638F0D009DED65 /* Base */,
			);
			name = Main.storyboard;
			sourceTree = "<group>";
		};
		E70A250A21638F0D009DED65 /* LaunchScreen.storyboard */ = {
			isa = PBXVariantGroup;
			children = (
				E70A250B21638F0D009DED65 /* Base */,
			);
			name = LaunchScreen.storyboard;
			sourceTree = "<group>";
		};
/* End PBXVariantGroup section */

/* Begin XCBuildConfiguration section */
		E70A250E21638F0D009DED65 /* Debug */ = {
			isa = XCBuildConfiguration;
			buildSettings = {
				ALWAYS_SEARCH_USER_PATHS = NO;
				CLANG_ANALYZER_NONNULL = YES;
				CLANG_ANALYZER_NUMBER_OBJECT_CONVERSION = YES_AGGRESSIVE;
				CLANG_CXX_LANGUAGE_STANDARD = "gnu++14";
				CLANG_CXX_LIBRARY = "libc++";
				CLANG_ENABLE_MODULES = YES;
				CLANG_ENABLE_OBJC_ARC = YES;
				CLANG_WARN_BLOCK_CAPTURE_AUTORELEASING = YES;
				CLANG_WARN_BOOL_CONVERSION = YES;
				CLANG_WARN_COMMA = YES;
				CLANG_WARN_CONSTANT_CONVERSION = YES;
				CLANG_WARN_DIRECT_OBJC_ISA_USAGE = YES_ERROR;
				CLANG_WARN_DOCUMENTATION_COMMENTS = YES;
				CLANG_WARN_EMPTY_BODY = YES;
				CLANG_WARN_ENUM_CONVERSION = YES;
				CLANG_WARN_INFINITE_RECURSION = YES;
				CLANG_WARN_INT_CONVERSION = YES;
				CLANG_WARN_NON_LITERAL_NULL_CONVERSION = YES;
				CLANG_WARN_OBJC_LITERAL_CONVERSION = YES;
				CLANG_WARN_OBJC_ROOT_CLASS = YES_ERROR;
				CLANG_WARN_RANGE_LOOP_ANALYSIS = YES;
				CLANG_WARN_STRICT_PROTOTYPES = YES;
				CLANG_WARN_SUSPICIOUS_MOVE = YES;
				CLANG_WARN_UNGUARDED_AVAILABILITY = YES_AGGRESSIVE;
				CLANG_WARN_UNREACHABLE_CODE = YES;
				CLANG_WARN__DUPLICATE_METHOD_MATCH = YES;
				CODE_SIGN_IDENTITY = "iPhone Developer";
				COPY_PHASE_STRIP = NO;
				DEBUG_INFORMATION_FORMAT = dwarf;
				ENABLE_STRICT_OBJC_MSGSEND = YES;
				ENABLE_TESTABILITY = YES;
				GCC_C_LANGUAGE_STANDARD = gnu11;
				GCC_DYNAMIC_NO_PIC = NO;
				GCC_NO_COMMON_BLOCKS = YES;
				GCC_OPTIMIZATION_LEVEL = 0;
				GCC_PREPROCESSOR_DEFINITIONS = (
					"DEBUG=1",
					"$(inherited)",
				);
				GCC_WARN_64_TO_32_BIT_CONVERSION = YES;
				GCC_WARN_ABOUT_RETURN_TYPE = YES_ERROR;
				GCC_WARN_UNDECLARED_SELECTOR = YES;
				GCC_WARN_UNINITIALIZED_AUTOS = YES_AGGRESSIVE;
				GCC_WARN_UNUSED_FUNCTION = YES;
				GCC_WARN_UNUSED_VARIABLE = YES;
				IPHONEOS_DEPLOYMENT_TARGET = 11.2;
				MTL_ENABLE_DEBUG_INFO = YES;
				ONLY_ACTIVE_ARCH = YES;
				SDKROOT = iphoneos;
				SWIFT_ACTIVE_COMPILATION_CONDITIONS = DEBUG;
				SWIFT_OPTIMIZATION_LEVEL = "-Onone";
			};
			name = Debug;
		};
		E70A250F21638F0D009DED65 /* Release */ = {
			isa = XCBuildConfiguration;
			buildSettings = {
				ALWAYS_SEARCH_USER_PATHS = NO;
				CLANG_ANALYZER_NONNULL = YES;
				CLANG_ANALYZER_NUMBER_OBJECT_CONVERSION = YES_AGGRESSIVE;
				CLANG_CXX_LANGUAGE_STANDARD = "gnu++14";
				CLANG_CXX_LIBRARY = "libc++";
				CLANG_ENABLE_MODULES = YES;
				CLANG_ENABLE_OBJC_ARC = YES;
				CLANG_WARN_BLOCK_CAPTURE_AUTORELEASING = YES;
				CLANG_WARN_BOOL_CONVERSION = YES;
				CLANG_WARN_COMMA = YES;
				CLANG_WARN_CONSTANT_CONVERSION = YES;
				CLANG_WARN_DIRECT_OBJC_ISA_USAGE = YES_ERROR;
				CLANG_WARN_DOCUMENTATION_COMMENTS = YES;
				CLANG_WARN_EMPTY_BODY = YES;
				CLANG_WARN_ENUM_CONVERSION = YES;
				CLANG_WARN_INFINITE_RECURSION = YES;
				CLANG_WARN_INT_CONVERSION = YES;
				CLANG_WARN_NON_LITERAL_NULL_CONVERSION = YES;
				CLANG_WARN_OBJC_LITERAL_CONVERSION = YES;
				CLANG_WARN_OBJC_ROOT_CLASS = YES_ERROR;
				CLANG_WARN_RANGE_LOOP_ANALYSIS = YES;
				CLANG_WARN_STRICT_PROTOTYPES = YES;
				CLANG_WARN_SUSPICIOUS_MOVE = YES;
				CLANG_WARN_UNGUARDED_AVAILABILITY = YES_AGGRESSIVE;
				CLANG_WARN_UNREACHABLE_CODE = YES;
				CLANG_WARN__DUPLICATE_METHOD_MATCH = YES;
				CODE_SIGN_IDENTITY = "iPhone Developer";
				COPY_PHASE_STRIP = NO;
				DEBUG_INFORMATION_FORMAT = "dwarf-with-dsym";
				ENABLE_NS_ASSERTIONS = NO;
				ENABLE_STRICT_OBJC_MSGSEND = YES;
				GCC_C_LANGUAGE_STANDARD = gnu11;
				GCC_NO_COMMON_BLOCKS = YES;
				GCC_WARN_64_TO_32_BIT_CONVERSION = YES;
				GCC_WARN_ABOUT_RETURN_TYPE = YES_ERROR;
				GCC_WARN_UNDECLARED_SELECTOR = YES;
				GCC_WARN_UNINITIALIZED_AUTOS = YES_AGGRESSIVE;
				GCC_WARN_UNUSED_FUNCTION = YES;
				GCC_WARN_UNUSED_VARIABLE = YES;
				IPHONEOS_DEPLOYMENT_TARGET = 11.2;
				MTL_ENABLE_DEBUG_INFO = NO;
				SDKROOT = iphoneos;
				SWIFT_OPTIMIZATION_LEVEL = "-Owholemodule";
				VALIDATE_PRODUCT = YES;
			};
			name = Release;
		};
		E70A251121638F0D009DED65 /* Debug */ = {
			isa = XCBuildConfiguration;
			buildSettings = {
				ASSETCATALOG_COMPILER_APPICON_NAME = AppIcon;
				CODE_SIGN_STYLE = Automatic;
				INFOPLIST_FILE = NSCache/Info.plist;
				LD_RUNPATH_SEARCH_PATHS = "$(inherited) @executable_path/Frameworks";
				PRODUCT_BUNDLE_IDENTIFIER = com.NguyenHoangSon.NSCache;
				PRODUCT_NAME = "$(TARGET_NAME)";
				SWIFT_VERSION = 4.0;
				TARGETED_DEVICE_FAMILY = "1,2";
			};
			name = Debug;
		};
		E70A251221638F0D009DED65 /* Release */ = {
			isa = XCBuildConfiguration;
			buildSettings = {
				ASSETCATALOG_COMPILER_APPICON_NAME = AppIcon;
				CODE_SIGN_STYLE = Automatic;
				INFOPLIST_FILE = NSCache/Info.plist;
				LD_RUNPATH_SEARCH_PATHS = "$(inherited) @executable_path/Frameworks";
				PRODUCT_BUNDLE_IDENTIFIER = com.NguyenHoangSon.NSCache;
				PRODUCT_NAME = "$(TARGET_NAME)";
				SWIFT_VERSION = 4.0;
				TARGETED_DEVICE_FAMILY = "1,2";
			};
			name = Release;
		};
/* End XCBuildConfiguration section */

/* Begin XCConfigurationList section */
		E70A24F921638F0D009DED65 /* Build configuration list for PBXProject "NSCache" */ = {
			isa = XCConfigurationList;
			buildConfigurations = (
				E70A250E21638F0D009DED65 /* Debug */,
				E70A250F21638F0D009DED65 /* Release */,
			);
			defaultConfigurationIsVisible = 0;
			defaultConfigurationName = Release;
		};
		E70A251021638F0D009DED65 /* Build configuration list for PBXNativeTarget "NSCache" */ = {
			isa = XCConfigurationList;
			buildConfigurations = (
				E70A251121638F0D009DED65 /* Debug */,
				E70A251221638F0D009DED65 /* Release */,
			);
			defaultConfigurationIsVisible = 0;
			defaultConfigurationName = Release;
		};
/* End XCConfigurationList section */
	};
	rootObject = E70A24F621638F0D009DED65 /* Project object */;
}
